# This file is automatically @generated by Cargo.
# It is not intended for manual editing.
version = 4

[[package]]
name = "allocator-api2"
version = "0.3.0"
source = "registry+https://github.com/rust-lang/crates.io-index"
checksum = "78200ac3468a57d333cd0ea5dd398e25111194dcacd49208afca95c629a6311d"

[[package]]
name = "fooqueue"
version = "0.1.0"
dependencies = [
 "allocator-api2",
 "portable-atomic",
]

[[package]]
name = "portable-atomic"
version = "1.11.1"
source = "registry+https://github.com/rust-lang/crates.io-index"
checksum = "f84267b20a16ea918e43c6a88433c2d54fa145c92a811b5b047ccbe153674483"
